// !$*UTF8*$!
{
	archiveVersion = 1;
	classes = {
	};
	objectVersion = 46;
	objects = {

/* Begin PBXBuildFile section */
		D80366371D9D04E5006A0A4A /* main.m in Sources */ = {isa = PBXBuildFile; fileRef = D80366361D9D04E5006A0A4A /* main.m */; };
		D803663A1D9D04E5006A0A4A /* AppDelegate.m in Sources */ = {isa = PBXBuildFile; fileRef = D80366391D9D04E5006A0A4A /* AppDelegate.m */; };
		D803663D1D9D04E5006A0A4A /* ViewController.m in Sources */ = {isa = PBXBuildFile; fileRef = D803663C1D9D04E5006A0A4A /* ViewController.m */; };
		D80366401D9D04E5006A0A4A /* Main.storyboard in Resources */ = {isa = PBXBuildFile; fileRef = D803663E1D9D04E5006A0A4A /* Main.storyboard */; };
		D80366421D9D04E5006A0A4A /* Assets.xcassets in Resources */ = {isa = PBXBuildFile; fileRef = D80366411D9D04E5006A0A4A /* Assets.xcassets */; };
		D80366451D9D04E5006A0A4A /* LaunchScreen.storyboard in Resources */ = {isa = PBXBuildFile; fileRef = D80366431D9D04E5006A0A4A /* LaunchScreen.storyboard */; };
		D803664E1D9D051D006A0A4A /* NSObject+Block.m in Sources */ = {isa = PBXBuildFile; fileRef = D803664D1D9D051D006A0A4A /* NSObject+Block.m */; };
/* End PBXBuildFile section */

/* Begin PBXFileReference section */
		D80366321D9D04E5006A0A4A /* XD_Observer.app */ = {isa = PBXFileReference; explicitFileType = wrapper.application; includeInIndex = 0; path = XD_Observer.app; sourceTree = BUILT_PRODUCTS_DIR; };
		D80366361D9D04E5006A0A4A /* main.m */ = {isa = PBXFileReference; lastKnownFileType = sourcecode.c.objc; path = main.m; sourceTree = "<group>"; };
		D80366381D9D04E5006A0A4A /* AppDelegate.h */ = {isa = PBXFileReference; lastKnownFileType = sourcecode.c.h; path = AppDelegate.h; sourceTree = "<group>"; };
		D80366391D9D04E5006A0A4A /* AppDelegate.m */ = {isa = PBXFileReference; lastKnownFileType = sourcecode.c.objc; path = AppDelegate.m; sourceTree = "<group>"; };
		D803663B1D9D04E5006A0A4A /* ViewController.h */ = {isa = PBXFileReference; lastKnownFileType = sourcecode.c.h; path = ViewController.h; sourceTree = "<group>"; };
		D803663C1D9D04E5006A0A4A /* ViewController.m */ = {isa = PBXFileReference; lastKnownFileType = sourcecode.c.objc; path = ViewController.m; sourceTree = "<group>"; };
		D803663F1D9D04E5006A0A4A /* Base */ = {isa = PBXFileReference; lastKnownFileType = file.storyboard; name = Base; path = Base.lproj/Main.storyboard; sourceTree = "<group>"; };
		D80366411D9D04E5006A0A4A /* Assets.xcassets */ = {isa = PBXFileReference; lastKnownFileType = folder.assetcatalog; path = Assets.xcassets; sourceTree = "<group>"; };
		D80366441D9D04E5006A0A4A /* Base */ = {isa = PBXFileReference; lastKnownFileType = file.storyboard; name = Base; path = Base.lproj/LaunchScreen.storyboard; sourceTree = "<group>"; };
		D80366461D9D04E5006A0A4A /* Info.plist */ = {isa = PBXFileReference; lastKnownFileType = text.plist.xml; path = Info.plist; sourceTree = "<group>"; };
		D803664C1D9D051D006A0A4A /* NSObject+Block.h */ = {isa = PBXFileReference; fileEncoding = 4; lastKnownFileType = sourcecode.c.h; path = "NSObject+Block.h"; sourceTree = "<group>"; };
		D803664D1D9D051D006A0A4A /* NSObject+Block.m */ = {isa = PBXFileReference; fileEncoding = 4; lastKnownFileType = sourcecode.c.objc; path = "NSObject+Block.m"; sourceTree = "<group>"; };
/* End PBXFileReference section */

/* Begin PBXFrameworksBuildPhase section */
		D803662F1D9D04E5006A0A4A /* Frameworks */ = {
			isa = PBXFrameworksBuildPhase;
			buildActionMask = 2147483647;
			files = (
			);
			runOnlyForDeploymentPostprocessing = 0;
		};
/* End PBXFrameworksBuildPhase section */

/* Begin PBXGroup section */
		D80366291D9D04E5006A0A4A = {
			isa = PBXGroup;
			children = (
				D80366341D9D04E5006A0A4A /* XD_Observer */,
				D80366331D9D04E5006A0A4A /* Products */,
			);
			sourceTree = "<group>";
		};
		D80366331D9D04E5006A0A4A /* Products */ = {
			isa = PBXGroup;
			children = (
				D80366321D9D04E5006A0A4A /* XD_Observer.app */,
			);
			name = Products;
			sourceTree = "<group>";
		};
		D80366341D9D04E5006A0A4A /* XD_Observer */ = {
			isa = PBXGroup;
			children = (
				D80366381D9D04E5006A0A4A /* AppDelegate.h */,
				D80366391D9D04E5006A0A4A /* AppDelegate.m */,
				D803663B1D9D04E5006A0A4A /* ViewController.h */,
				D803663C1D9D04E5006A0A4A /* ViewController.m */,
				D803664C1D9D051D006A0A4A /* NSObject+Block.h */,
				D803664D1D9D051D006A0A4A /* NSObject+Block.m */,
				D803663E1D9D04E5006A0A4A /* Main.storyboard */,
				D80366411D9D04E5006A0A4A /* Assets.xcassets */,
				D80366431D9D04E5006A0A4A /* LaunchScreen.storyboard */,
				D80366461D9D04E5006A0A4A /* Info.plist */,
				D80366351D9D04E5006A0A4A /* Supporting Files */,
			);
			path = XD_Observer;
			sourceTree = "<group>";
		};
		D80366351D9D04E5006A0A4A /* Supporting Files */ = {
			isa = PBXGroup;
			children = (
				D80366361D9D04E5006A0A4A /* main.m */,
			);
			name = "Supporting Files";
			sourceTree = "<group>";
		};
/* End PBXGroup section */

/* Begin PBXNativeTarget section */
		D80366311D9D04E5006A0A4A /* XD_Observer */ = {
			isa = PBXNativeTarget;
			buildConfigurationList = D80366491D9D04E5006A0A4A /* Build configuration list for PBXNativeTarget "XD_Observer" */;
			buildPhases = (
				D803662E1D9D04E5006A0A4A /* Sources */,
				D803662F1D9D04E5006A0A4A /* Frameworks */,
				D80366301D9D04E5006A0A4A /* Resources */,
			);
			buildRules = (
			);
			dependencies = (
			);
			name = XD_Observer;
			productName = XD_Observer;
			productReference = D80366321D9D04E5006A0A4A /* XD_Observer.app */;
			productType = "com.apple.product-type.application";
		};
/* End PBXNativeTarget section */

/* Begin PBXProject section */
		D803662A1D9D04E5006A0A4A /* Project object */ = {
			isa = PBXProject;
			attributes = {
				LastUpgradeCheck = 0730;
				ORGANIZATIONNAME = xindong;
				TargetAttributes = {
					D80366311D9D04E5006A0A4A = {
						CreatedOnToolsVersion = 7.3.1;
					};
				};
			};
			buildConfigurationList = D803662D1D9D04E5006A0A4A /* Build configuration list for PBXProject "XD_Observer" */;
			compatibilityVersion = "Xcode 3.2";
			developmentRegion = English;
			hasScannedForEncodings = 0;
			knownRegions = (
				en,
				Base,
			);
			mainGroup = D80366291D9D04E5006A0A4A;
			productRefGroup = D80366331D9D04E5006A0A4A /* Products */;
			projectDirPath = "";
			projectRoot = "";
			targets = (
				D80366311D9D04E5006A0A4A /* XD_Observer */,
			);
		};
/* End PBXProject section */

/* Begin PBXResourcesBuildPhase section */
		D80366301D9D04E5006A0A4A /* Resources */ = {
			isa = PBXResourcesBuildPhase;
			buildActionMask = 2147483647;
			files = (
				D80366451D9D04E5006A0A4A /* LaunchScreen.storyboard in Resources */,
				D80366421D9D04E5006A0A4A /* Assets.xcassets in Resources */,
				D80366401D9D04E5006A0A4A /* Main.storyboard in Resources */,
			);
			runOnlyForDeploymentPostprocessing = 0;
		};
/* End PBXResourcesBuildPhase section */

/* Begin PBXSourcesBuildPhase section */
		D803662E1D9D04E5006A0A4A /* Sources */ = {
			isa = PBXSourcesBuildPhase;
			buildActionMask = 2147483647;
			files = (
				D803663D1D9D04E5006A0A4A /* ViewController.m in Sources */,
				D803664E1D9D051D006A0A4A /* NSObject+Block.m in Sources */,
				D803663A1D9D04E5006A0A4A /* AppDelegate.m in Sources */,
				D80366371D9D04E5006A0A4A /* main.m in Sources */,
			);
			runOnlyForDeploymentPostprocessing = 0;
		};
/* End PBXSourcesBuildPhase section */

/* Begin PBXVariantGroup section */
		D803663E1D9D04E5006A0A4A /* Main.storyboard */ = {
			isa = PBXVariantGroup;
			children = (
				D803663F1D9D04E5006A0A4A /* Base */,
			);
			name = Main.storyboard;
			sourceTree = "<group>";
		};
		D80366431D9D04E5006A0A4A /* LaunchScreen.storyboard */ = {
			isa = PBXVariantGroup;
			children = (
				D80366441D9D04E5006A0A4A /* Base */,
			);
			name = LaunchScreen.storyboard;
			sourceTree = "<group>";
		};
/* End PBXVariantGroup section */

/* Begin XCBuildConfiguration section */
		D80366471D9D04E5006A0A4A /* Debug */ = {
			isa = XCBuildConfiguration;
			buildSettings = {
				ALWAYS_SEARCH_USER_PATHS = NO;
				CLANG_ANALYZER_NONNULL = YES;
				CLANG_CXX_LANGUAGE_STANDARD = "gnu++0x";
				CLANG_CXX_LIBRARY = "libc++";
				CLANG_ENABLE_MODULES = YES;
				CLANG_ENABLE_OBJC_ARC = YES;
				CLANG_WARN_BOOL_CONVERSION = YES;
				CLANG_WARN_CONSTANT_CONVERSION = YES;
				CLANG_WARN_DIRECT_OBJC_ISA_USAGE = YES_ERROR;
				CLANG_WARN_EMPTY_BODY = YES;
				CLANG_WARN_ENUM_CONVERSION = YES;
				CLANG_WARN_INT_CONVERSION = YES;
				CLANG_WARN_OBJC_ROOT_CLASS = YES_ERROR;
				CLANG_WARN_UNREACHABLE_CODE = YES;
				CLANG_WARN__DUPLICATE_METHOD_MATCH = YES;
				"CODE_SIGN_IDENTITY[sdk=iphoneos*]" = "iPhone Developer";
				COPY_PHASE_STRIP = NO;
				DEBUG_INFORMATION_FORMAT = dwarf;
				ENABLE_STRICT_OBJC_MSGSEND = YES;
				ENABLE_TESTABILITY = YES;
				GCC_C_LANGUAGE_STANDARD = gnu99;
				GCC_DYNAMIC_NO_PIC = NO;
				GCC_NO_COMMON_BLOCKS = YES;
				GCC_OPTIMIZATION_LEVEL = 0;
				GCC_PREPROCESSOR_DEFINITIONS = (
					"DEBUG=1",
					"$(inherited)",
				);
				GCC_WARN_64_TO_32_BIT_CONVERSION = YES;
				GCC_WARN_ABOUT_RETURN_TYPE = YES_ERROR;
				GCC_WARN_UNDECLARED_SELECTOR = YES;
				GCC_WARN_UNINITIALIZED_AUTOS = YES_AGGRESSIVE;
				GCC_WARN_UNUSED_FUNCTION = YES;
				GCC_WARN_UNUSED_VARIABLE = YES;
				IPHONEOS_DEPLOYMENT_TARGET = 9.3;
				MTL_ENABLE_DEBUG_INFO = YES;
				ONLY_ACTIVE_ARCH = YES;
				SDKROOT = iphoneos;
			};
			name = Debug;
		};
		D80366481D9D04E5006A0A4A /* Release */ = {
			isa = XCBuildConfiguration;
			buildSettings = {
				ALWAYS_SEARCH_USER_PATHS = NO;
				CLANG_ANALYZER_NONNULL = YES;
				CLANG_CXX_LANGUAGE_STANDARD = "gnu++0x";
				CLANG_CXX_LIBRARY = "libc++";
				CLANG_ENABLE_MODULES = YES;
				CLANG_ENABLE_OBJC_ARC = YES;
				CLANG_WARN_BOOL_CONVERSION = YES;
				CLANG_WARN_CONSTANT_CONVERSION = YES;
				CLANG_WARN_DIRECT_OBJC_ISA_USAGE = YES_ERROR;
				CLANG_WARN_EMPTY_BODY = YES;
				CLANG_WARN_ENUM_CONVERSION = YES;
				CLANG_WARN_INT_CONVERSION = YES;
				CLANG_WARN_OBJC_ROOT_CLASS = YES_ERROR;
				CLANG_WARN_UNREACHABLE_CODE = YES;
				CLANG_WARN__DUPLICATE_METHOD_MATCH = YES;
				"CODE_SIGN_IDENTITY[sdk=iphoneos*]" = "iPhone Developer";
				COPY_PHASE_STRIP = NO;
				DEBUG_INFORMATION_FORMAT = "dwarf-with-dsym";
				ENABLE_NS_ASSERTIONS = NO;
				ENABLE_STRICT_OBJC_MSGSEND = YES;
				GCC_C_LANGUAGE_STANDARD = gnu99;
				GCC_NO_COMMON_BLOCKS = YES;
				GCC_WARN_64_TO_32_BIT_CONVERSION = YES;
				GCC_WARN_ABOUT_RETURN_TYPE = YES_ERROR;
				GCC_WARN_UNDECLARED_SELECTOR = YES;
				GCC_WARN_UNINITIALIZED_AUTOS = YES_AGGRESSIVE;
				GCC_WARN_UNUSED_FUNCTION = YES;
				GCC_WARN_UNUSED_VARIABLE = YES;
				IPHONEOS_DEPLOYMENT_TARGET = 9.3;
				MTL_ENABLE_DEBUG_INFO = NO;
				SDKROOT = iphoneos;
				VALIDATE_PRODUCT = YES;
			};
			name = Release;
		};
		D803664A1D9D04E5006A0A4A /* Debug */ = {
			isa = XCBuildConfiguration;
			buildSettings = {
				ASSETCATALOG_COMPILER_APPICON_NAME = AppIcon;
				INFOPLIST_FILE = XD_Observer/Info.plist;
				LD_RUNPATH_SEARCH_PATHS = "$(inherited) @executable_path/Frameworks";
				PRODUCT_BUNDLE_IDENTIFIER = "com.xindong.XD-Observer";
				PRODUCT_NAME = "$(TARGET_NAME)";
			};
			name = Debug;
		};
		D803664B1D9D04E5006A0A4A /* Release */ = {
			isa = XCBuildConfiguration;
			buildSettings = {
				ASSETCATALOG_COMPILER_APPICON_NAME = AppIcon;
				INFOPLIST_FILE = XD_Observer/Info.plist;
				LD_RUNPATH_SEARCH_PATHS = "$(inherited) @executable_path/Frameworks";
				PRODUCT_BUNDLE_IDENTIFIER = "com.xindong.XD-Observer";
				PRODUCT_NAME = "$(TARGET_NAME)";
			};
			name = Release;
		};
/* End XCBuildConfiguration section */

/* Begin XCConfigurationList section */
		D803662D1D9D04E5006A0A4A /* Build configuration list for PBXProject "XD_Observer" */ = {
			isa = XCConfigurationList;
			buildConfigurations = (
				D80366471D9D04E5006A0A4A /* Debug */,
				D80366481D9D04E5006A0A4A /* Release */,
			);
			defaultConfigurationIsVisible = 0;
			defaultConfigurationName = Release;
		};
		D80366491D9D04E5006A0A4A /* Build configuration list for PBXNativeTarget "XD_Observer" */ = {
			isa = XCConfigurationList;
			buildConfigurations = (
				D803664A1D9D04E5006A0A4A /* Debug */,
				D803664B1D9D04E5006A0A4A /* Release */,
			);
			defaultConfigurationIsVisible = 0;
		};
/* End XCConfigurationList section */
	};
	rootObject = D803662A1D9D04E5006A0A4A /* Project object */;
}
